
Microsoft Visual Studio Solution File, Format Version 12.00
# Visual Studio Version 17
VisualStudioVersion = 17.8.34511.84
MinimumVisualStudioVersion = 10.0.40219.1
Project("{FAE04EC0-301F-11D3-BF4B-00C04F79EFBC}") = "GA_LinkedListSingly_Ronda", "GA_LinkedListSingly_Ronda.csproj", "{BDDC8750-85EF-4F0B-9DA1-7F699B800D79}"
EndProject
Global
	GlobalSection(SolutionConfigurationPlatforms) = preSolution
		Debug|Any CPU = Debug|Any CPU
		Release|Any CPU = Release|Any CPU
	EndGlobalSection
	GlobalSection(ProjectConfigurationPlatforms) = postSolution
		{BDDC8750-85EF-4F0B-9DA1-7F699B800D79}.Debug|Any CPU.ActiveCfg = Debug|Any CPU
		{BDDC8750-85EF-4F0B-9DA1-7F699B800D79}.Debug|Any CPU.Build.0 = Debug|Any CPU
		{BDDC8750-85EF-4F0B-9DA1-7F699B800D79}.Release|Any CPU.ActiveCfg = Release|Any CPU
		{BDDC8750-85EF-4F0B-9DA1-7F699B800D79}.Release|Any CPU.Build.0 = Release|Any CPU
	EndGlobalSection
	GlobalSection(SolutionProperties) = preSolution
		HideSolutionNode = FALSE
	EndGlobalSection
	GlobalSection(ExtensibilityGlobals) = postSolution
		SolutionGuid = {710C4B25-C05D-4D12-909D-8F668692FE64}
	EndGlobalSection
EndGlobal
